
Microsoft Visual Studio Solution File, Format Version 12.00
# Visual Studio Version 17
VisualStudioVersion = 17.0.31912.275
MinimumVisualStudioVersion = 10.0.40219.1
Project("{FAE04EC0-301F-11D3-BF4B-00C04F79EFBC}") = "GetVersions", "GetVersions.csproj", "{4E142431-4B88-4356-A27A-AF222BD27B83}"
EndProject
Global
	GlobalSection(SolutionConfigurationPlatforms) = preSolution
		Debug|Any CPU = Debug|Any CPU
		Release|Any CPU = Release|Any CPU
	EndGlobalSection
	GlobalSection(ProjectConfigurationPlatforms) = postSolution
		{4E142431-4B88-4356-A27A-AF222BD27B83}.Debug|Any CPU.ActiveCfg = Debug|Any CPU
		{4E142431-4B88-4356-A27A-AF222BD27B83}.Debug|Any CPU.Build.0 = Debug|Any CPU
		{4E142431-4B88-4356-A27A-AF222BD27B83}.Release|Any CPU.ActiveCfg = Release|Any CPU
		{4E142431-4B88-4356-A27A-AF222BD27B83}.Release|Any CPU.Build.0 = Release|Any CPU
	EndGlobalSection
	GlobalSection(SolutionProperties) = preSolution
		HideSolutionNode = FALSE
	EndGlobalSection
	GlobalSection(ExtensibilityGlobals) = postSolution
		SolutionGuid = {4BAA85DD-E07E-4650-A0A0-ED86ABB73785}
	EndGlobalSection
EndGlobal
